
Microsoft Visual Studio Solution File, Format Version 12.00
Project("{FAE04EC0-301F-11D3-BF4B-00C04F79EFBC}") = "ZebraGenes", "src\Zebra\ZebraGenes.csproj", "{393DFF30-4A2E-49EF-9D14-51CD18EA9639}"
EndProject
Project("{FAE04EC0-301F-11D3-BF4B-00C04F79EFBC}") = "Csp", "src\Csp\Csp.csproj", "{E863D634-6E1D-4466-8DAC-3153D3B4B053}"
EndProject
Project("{2150E333-8FDC-42A3-9474-1A3956D46DE8}") = "Test", "Test", "{C7A14326-A9B1-4FBC-8259-D25EFB1AF4AA}"
EndProject
Project("{FAE04EC0-301F-11D3-BF4B-00C04F79EFBC}") = "CspTests", "test\CspTests\CspTests.csproj", "{FEABC34C-A489-42CE-9D28-36A9248BCDBD}"
EndProject
Project("{FAE04EC0-301F-11D3-BF4B-00C04F79EFBC}") = "Generator.Zebra", "src\Generator.Zebra\Generator.Zebra.csproj", "{7CFCDDE8-352C-4496-99F5-E06D92C7F514}"
EndProject
Project("{FAE04EC0-301F-11D3-BF4B-00C04F79EFBC}") = "Generator.Zebra.Tests", "test\Generator.Zebra.Tests\Generator.Zebra.Tests.csproj", "{13F9388B-A2EA-4D7E-960F-9F67E12653D5}"
EndProject
Project("{FAE04EC0-301F-11D3-BF4B-00C04F79EFBC}") = "Csp.Core.Models", "src\Csp.Core.Models\Csp.Core.Models.csproj", "{F6180432-390F-40CB-A41A-9BDADDBB7414}"
EndProject
Project("{2150E333-8FDC-42A3-9474-1A3956D46DE8}") = "Csp", "Csp", "{41DB119A-AD0A-4E49-B613-12F70EF42029}"
EndProject
Project("{FAE04EC0-301F-11D3-BF4B-00C04F79EFBC}") = "Csp.Core.Solvers", "src\Csp.Core.Solvers\Csp.Core.Solvers.csproj", "{A2234F03-4939-4401-A4CB-92ECF7EC347E}"
EndProject
Project("{2150E333-8FDC-42A3-9474-1A3956D46DE8}") = "Core", "Core", "{A39766BE-1A46-4576-9231-AFEAC9DED280}"
EndProject
Project("{2150E333-8FDC-42A3-9474-1A3956D46DE8}") = "Puzzles", "Puzzles", "{97DE0092-6010-4E09-9430-8B966FBBF7B4}"
EndProject
Project("{FAE04EC0-301F-11D3-BF4B-00C04F79EFBC}") = "Csp.Puzzles.Zebra", "src\Csp.Puzzles.Zebra\Csp.Puzzles.Zebra.csproj", "{AE9230A6-2F17-46E7-A7DF-0E712DAF8881}"
EndProject
Project("{FAE04EC0-301F-11D3-BF4B-00C04F79EFBC}") = "Csp.Puzzles.Zebra.Tests", "test\Csp.Puzzles.Zebra.Tests\Csp.Puzzles.Zebra.Tests.csproj", "{A5A20B67-29AB-4BC8-9F43-BAF05985AF17}"
EndProject
Project("{2150E333-8FDC-42A3-9474-1A3956D46DE8}") = "Generator", "Generator", "{31303AE4-BD39-4D50-A1D3-1B21E6AAC06B}"
EndProject
Global
	GlobalSection(SolutionConfigurationPlatforms) = preSolution
		Debug|Any CPU = Debug|Any CPU
		Release|Any CPU = Release|Any CPU
	EndGlobalSection
	GlobalSection(ProjectConfigurationPlatforms) = postSolution
		{393DFF30-4A2E-49EF-9D14-51CD18EA9639}.Debug|Any CPU.ActiveCfg = Debug|Any CPU
		{393DFF30-4A2E-49EF-9D14-51CD18EA9639}.Debug|Any CPU.Build.0 = Debug|Any CPU
		{393DFF30-4A2E-49EF-9D14-51CD18EA9639}.Release|Any CPU.ActiveCfg = Release|Any CPU
		{393DFF30-4A2E-49EF-9D14-51CD18EA9639}.Release|Any CPU.Build.0 = Release|Any CPU
		{E863D634-6E1D-4466-8DAC-3153D3B4B053}.Debug|Any CPU.ActiveCfg = Debug|Any CPU
		{E863D634-6E1D-4466-8DAC-3153D3B4B053}.Debug|Any CPU.Build.0 = Debug|Any CPU
		{E863D634-6E1D-4466-8DAC-3153D3B4B053}.Release|Any CPU.ActiveCfg = Release|Any CPU
		{E863D634-6E1D-4466-8DAC-3153D3B4B053}.Release|Any CPU.Build.0 = Release|Any CPU
		{FEABC34C-A489-42CE-9D28-36A9248BCDBD}.Debug|Any CPU.ActiveCfg = Debug|Any CPU
		{FEABC34C-A489-42CE-9D28-36A9248BCDBD}.Debug|Any CPU.Build.0 = Debug|Any CPU
		{FEABC34C-A489-42CE-9D28-36A9248BCDBD}.Release|Any CPU.ActiveCfg = Release|Any CPU
		{FEABC34C-A489-42CE-9D28-36A9248BCDBD}.Release|Any CPU.Build.0 = Release|Any CPU
		{7CFCDDE8-352C-4496-99F5-E06D92C7F514}.Debug|Any CPU.ActiveCfg = Debug|Any CPU
		{7CFCDDE8-352C-4496-99F5-E06D92C7F514}.Debug|Any CPU.Build.0 = Debug|Any CPU
		{7CFCDDE8-352C-4496-99F5-E06D92C7F514}.Release|Any CPU.ActiveCfg = Release|Any CPU
		{7CFCDDE8-352C-4496-99F5-E06D92C7F514}.Release|Any CPU.Build.0 = Release|Any CPU
		{13F9388B-A2EA-4D7E-960F-9F67E12653D5}.Debug|Any CPU.ActiveCfg = Debug|Any CPU
		{13F9388B-A2EA-4D7E-960F-9F67E12653D5}.Debug|Any CPU.Build.0 = Debug|Any CPU
		{13F9388B-A2EA-4D7E-960F-9F67E12653D5}.Release|Any CPU.ActiveCfg = Release|Any CPU
		{13F9388B-A2EA-4D7E-960F-9F67E12653D5}.Release|Any CPU.Build.0 = Release|Any CPU
		{F6180432-390F-40CB-A41A-9BDADDBB7414}.Debug|Any CPU.ActiveCfg = Debug|Any CPU
		{F6180432-390F-40CB-A41A-9BDADDBB7414}.Debug|Any CPU.Build.0 = Debug|Any CPU
		{F6180432-390F-40CB-A41A-9BDADDBB7414}.Release|Any CPU.ActiveCfg = Release|Any CPU
		{F6180432-390F-40CB-A41A-9BDADDBB7414}.Release|Any CPU.Build.0 = Release|Any CPU
		{A2234F03-4939-4401-A4CB-92ECF7EC347E}.Debug|Any CPU.ActiveCfg = Debug|Any CPU
		{A2234F03-4939-4401-A4CB-92ECF7EC347E}.Debug|Any CPU.Build.0 = Debug|Any CPU
		{A2234F03-4939-4401-A4CB-92ECF7EC347E}.Release|Any CPU.ActiveCfg = Release|Any CPU
		{A2234F03-4939-4401-A4CB-92ECF7EC347E}.Release|Any CPU.Build.0 = Release|Any CPU
		{AE9230A6-2F17-46E7-A7DF-0E712DAF8881}.Debug|Any CPU.ActiveCfg = Debug|Any CPU
		{AE9230A6-2F17-46E7-A7DF-0E712DAF8881}.Debug|Any CPU.Build.0 = Debug|Any CPU
		{AE9230A6-2F17-46E7-A7DF-0E712DAF8881}.Release|Any CPU.ActiveCfg = Release|Any CPU
		{AE9230A6-2F17-46E7-A7DF-0E712DAF8881}.Release|Any CPU.Build.0 = Release|Any CPU
		{A5A20B67-29AB-4BC8-9F43-BAF05985AF17}.Debug|Any CPU.ActiveCfg = Debug|Any CPU
		{A5A20B67-29AB-4BC8-9F43-BAF05985AF17}.Debug|Any CPU.Build.0 = Debug|Any CPU
		{A5A20B67-29AB-4BC8-9F43-BAF05985AF17}.Release|Any CPU.ActiveCfg = Release|Any CPU
		{A5A20B67-29AB-4BC8-9F43-BAF05985AF17}.Release|Any CPU.Build.0 = Release|Any CPU
	EndGlobalSection
	GlobalSection(NestedProjects) = preSolution
		{FEABC34C-A489-42CE-9D28-36A9248BCDBD} = {C7A14326-A9B1-4FBC-8259-D25EFB1AF4AA}
		{13F9388B-A2EA-4D7E-960F-9F67E12653D5} = {C7A14326-A9B1-4FBC-8259-D25EFB1AF4AA}
		{A39766BE-1A46-4576-9231-AFEAC9DED280} = {41DB119A-AD0A-4E49-B613-12F70EF42029}
		{F6180432-390F-40CB-A41A-9BDADDBB7414} = {A39766BE-1A46-4576-9231-AFEAC9DED280}
		{A2234F03-4939-4401-A4CB-92ECF7EC347E} = {A39766BE-1A46-4576-9231-AFEAC9DED280}
		{97DE0092-6010-4E09-9430-8B966FBBF7B4} = {41DB119A-AD0A-4E49-B613-12F70EF42029}
		{AE9230A6-2F17-46E7-A7DF-0E712DAF8881} = {97DE0092-6010-4E09-9430-8B966FBBF7B4}
		{A5A20B67-29AB-4BC8-9F43-BAF05985AF17} = {C7A14326-A9B1-4FBC-8259-D25EFB1AF4AA}
		{7CFCDDE8-352C-4496-99F5-E06D92C7F514} = {31303AE4-BD39-4D50-A1D3-1B21E6AAC06B}
	EndGlobalSection
EndGlobal
