
Microsoft Visual Studio Solution File, Format Version 12.00
Project("{FAE04EC0-301F-11D3-BF4B-00C04F79EFBC}") = "ZebraGenes", "src\Zebra\ZebraGenes.csproj", "{393DFF30-4A2E-49EF-9D14-51CD18EA9639}"
EndProject
Project("{2150E333-8FDC-42A3-9474-1A3956D46DE8}") = "Test", "Test", "{C7A14326-A9B1-4FBC-8259-D25EFB1AF4AA}"
EndProject
Project("{FAE04EC0-301F-11D3-BF4B-00C04F79EFBC}") = "Generator.Zebra", "src\Generator.Zebra\Generator.Zebra.csproj", "{7CFCDDE8-352C-4496-99F5-E06D92C7F514}"
EndProject
Project("{FAE04EC0-301F-11D3-BF4B-00C04F79EFBC}") = "Generator.Zebra.Tests", "test\Generator.Zebra.Tests\Generator.Zebra.Tests.csproj", "{13F9388B-A2EA-4D7E-960F-9F67E12653D5}"
EndProject
Project("{FAE04EC0-301F-11D3-BF4B-00C04F79EFBC}") = "Csp.Core.Models", "src\Csp.Core.Models\Csp.Core.Models.csproj", "{F6180432-390F-40CB-A41A-9BDADDBB7414}"
EndProject
Project("{2150E333-8FDC-42A3-9474-1A3956D46DE8}") = "Csp", "Csp", "{41DB119A-AD0A-4E49-B613-12F70EF42029}"
EndProject
Project("{FAE04EC0-301F-11D3-BF4B-00C04F79EFBC}") = "Csp.Core.Solvers", "src\Csp.Core.Solvers\Csp.Core.Solvers.csproj", "{A2234F03-4939-4401-A4CB-92ECF7EC347E}"
EndProject
Project("{2150E333-8FDC-42A3-9474-1A3956D46DE8}") = "Core", "Core", "{A39766BE-1A46-4576-9231-AFEAC9DED280}"
EndProject
Project("{2150E333-8FDC-42A3-9474-1A3956D46DE8}") = "Puzzles", "Puzzles", "{97DE0092-6010-4E09-9430-8B966FBBF7B4}"
EndProject
Project("{FAE04EC0-301F-11D3-BF4B-00C04F79EFBC}") = "Csp.Puzzles.Zebra", "src\Csp.Puzzles.Zebra\Csp.Puzzles.Zebra.csproj", "{AE9230A6-2F17-46E7-A7DF-0E712DAF8881}"
EndProject
Project("{FAE04EC0-301F-11D3-BF4B-00C04F79EFBC}") = "Csp.Puzzles.Zebra.Tests", "test\Csp.Puzzles.Zebra.Tests\Csp.Puzzles.Zebra.Tests.csproj", "{A5A20B67-29AB-4BC8-9F43-BAF05985AF17}"
EndProject
Project("{2150E333-8FDC-42A3-9474-1A3956D46DE8}") = "Generator", "Generator", "{31303AE4-BD39-4D50-A1D3-1B21E6AAC06B}"
EndProject
Project("{FAE04EC0-301F-11D3-BF4B-00C04F79EFBC}") = "Csp.Puzzles.Selfref", "src\Csp.Puzzles.Selfref\Csp.Puzzles.Selfref.csproj", "{30E597A5-5C59-48BE-AD3F-3BF48D53BA6E}"
EndProject
Project("{FAE04EC0-301F-11D3-BF4B-00C04F79EFBC}") = "Csp.Puzzles.Sudoku", "src\Csp.Puzzles.Sudoku\Csp.Puzzles.Sudoku.csproj", "{15CFFECB-7F78-4A78-B17F-F12B7E7C1D64}"
EndProject
Project("{FAE04EC0-301F-11D3-BF4B-00C04F79EFBC}") = "Csp.Puzzles.Akari", "src\Csp.Puzzles.Akari\Csp.Puzzles.Akari.csproj", "{B9319303-A371-4437-8B2F-B6CFA29ED177}"
EndProject
Project("{FAE04EC0-301F-11D3-BF4B-00C04F79EFBC}") = "Csp.Puzzles.Polyomino", "src\Csp.Puzzles.Polyomino\Csp.Puzzles.Polyomino.csproj", "{543DA0DD-7598-4DAB-9E9A-DEB0DC37B997}"
EndProject
Project("{FAE04EC0-301F-11D3-BF4B-00C04F79EFBC}") = "Csp.Puzzles.Sudoku.Tests", "test\Csp.Puzzles.Sudoku.Tests\Csp.Puzzles.Sudoku.Tests.csproj", "{0604A06B-F295-42D7-B32C-C74D9DE3F2EB}"
EndProject
Project("{FAE04EC0-301F-11D3-BF4B-00C04F79EFBC}") = "Csp.Puzzles.Akari.Tests", "test\Csp.Puzzles.Akari.Tests\Csp.Puzzles.Akari.Tests.csproj", "{94C30C5F-C6AC-4137-A78C-46E689BC2188}"
EndProject
Project("{FAE04EC0-301F-11D3-BF4B-00C04F79EFBC}") = "Csp.Puzzles.Selfref.Tests", "test\Csp.Puzzles.Selfref.Tests\Csp.Puzzles.Selfref.Tests.csproj", "{A0883A53-02DA-4D78-9B4B-073841A4943E}"
EndProject
Project("{FAE04EC0-301F-11D3-BF4B-00C04F79EFBC}") = "Csp.Puzzles.Polyomino.Tests", "test\Csp.Puzzles.Polyomino.Tests\Csp.Puzzles.Polyomino.Tests.csproj", "{DB10FA1F-C2D2-48F2-8C05-8C3396E8F039}"
EndProject
Global
	GlobalSection(SolutionConfigurationPlatforms) = preSolution
		Debug|Any CPU = Debug|Any CPU
		Release|Any CPU = Release|Any CPU
	EndGlobalSection
	GlobalSection(ProjectConfigurationPlatforms) = postSolution
		{393DFF30-4A2E-49EF-9D14-51CD18EA9639}.Debug|Any CPU.ActiveCfg = Debug|Any CPU
		{393DFF30-4A2E-49EF-9D14-51CD18EA9639}.Debug|Any CPU.Build.0 = Debug|Any CPU
		{393DFF30-4A2E-49EF-9D14-51CD18EA9639}.Release|Any CPU.ActiveCfg = Release|Any CPU
		{393DFF30-4A2E-49EF-9D14-51CD18EA9639}.Release|Any CPU.Build.0 = Release|Any CPU
		{7CFCDDE8-352C-4496-99F5-E06D92C7F514}.Debug|Any CPU.ActiveCfg = Debug|Any CPU
		{7CFCDDE8-352C-4496-99F5-E06D92C7F514}.Debug|Any CPU.Build.0 = Debug|Any CPU
		{7CFCDDE8-352C-4496-99F5-E06D92C7F514}.Release|Any CPU.ActiveCfg = Release|Any CPU
		{7CFCDDE8-352C-4496-99F5-E06D92C7F514}.Release|Any CPU.Build.0 = Release|Any CPU
		{13F9388B-A2EA-4D7E-960F-9F67E12653D5}.Debug|Any CPU.ActiveCfg = Debug|Any CPU
		{13F9388B-A2EA-4D7E-960F-9F67E12653D5}.Debug|Any CPU.Build.0 = Debug|Any CPU
		{13F9388B-A2EA-4D7E-960F-9F67E12653D5}.Release|Any CPU.ActiveCfg = Release|Any CPU
		{13F9388B-A2EA-4D7E-960F-9F67E12653D5}.Release|Any CPU.Build.0 = Release|Any CPU
		{F6180432-390F-40CB-A41A-9BDADDBB7414}.Debug|Any CPU.ActiveCfg = Debug|Any CPU
		{F6180432-390F-40CB-A41A-9BDADDBB7414}.Debug|Any CPU.Build.0 = Debug|Any CPU
		{F6180432-390F-40CB-A41A-9BDADDBB7414}.Release|Any CPU.ActiveCfg = Release|Any CPU
		{F6180432-390F-40CB-A41A-9BDADDBB7414}.Release|Any CPU.Build.0 = Release|Any CPU
		{A2234F03-4939-4401-A4CB-92ECF7EC347E}.Debug|Any CPU.ActiveCfg = Debug|Any CPU
		{A2234F03-4939-4401-A4CB-92ECF7EC347E}.Debug|Any CPU.Build.0 = Debug|Any CPU
		{A2234F03-4939-4401-A4CB-92ECF7EC347E}.Release|Any CPU.ActiveCfg = Release|Any CPU
		{A2234F03-4939-4401-A4CB-92ECF7EC347E}.Release|Any CPU.Build.0 = Release|Any CPU
		{AE9230A6-2F17-46E7-A7DF-0E712DAF8881}.Debug|Any CPU.ActiveCfg = Debug|Any CPU
		{AE9230A6-2F17-46E7-A7DF-0E712DAF8881}.Debug|Any CPU.Build.0 = Debug|Any CPU
		{AE9230A6-2F17-46E7-A7DF-0E712DAF8881}.Release|Any CPU.ActiveCfg = Release|Any CPU
		{AE9230A6-2F17-46E7-A7DF-0E712DAF8881}.Release|Any CPU.Build.0 = Release|Any CPU
		{A5A20B67-29AB-4BC8-9F43-BAF05985AF17}.Debug|Any CPU.ActiveCfg = Debug|Any CPU
		{A5A20B67-29AB-4BC8-9F43-BAF05985AF17}.Debug|Any CPU.Build.0 = Debug|Any CPU
		{A5A20B67-29AB-4BC8-9F43-BAF05985AF17}.Release|Any CPU.ActiveCfg = Release|Any CPU
		{A5A20B67-29AB-4BC8-9F43-BAF05985AF17}.Release|Any CPU.Build.0 = Release|Any CPU
		{30E597A5-5C59-48BE-AD3F-3BF48D53BA6E}.Debug|Any CPU.ActiveCfg = Debug|Any CPU
		{30E597A5-5C59-48BE-AD3F-3BF48D53BA6E}.Debug|Any CPU.Build.0 = Debug|Any CPU
		{30E597A5-5C59-48BE-AD3F-3BF48D53BA6E}.Release|Any CPU.ActiveCfg = Release|Any CPU
		{30E597A5-5C59-48BE-AD3F-3BF48D53BA6E}.Release|Any CPU.Build.0 = Release|Any CPU
		{15CFFECB-7F78-4A78-B17F-F12B7E7C1D64}.Debug|Any CPU.ActiveCfg = Debug|Any CPU
		{15CFFECB-7F78-4A78-B17F-F12B7E7C1D64}.Debug|Any CPU.Build.0 = Debug|Any CPU
		{15CFFECB-7F78-4A78-B17F-F12B7E7C1D64}.Release|Any CPU.ActiveCfg = Release|Any CPU
		{15CFFECB-7F78-4A78-B17F-F12B7E7C1D64}.Release|Any CPU.Build.0 = Release|Any CPU
		{B9319303-A371-4437-8B2F-B6CFA29ED177}.Debug|Any CPU.ActiveCfg = Debug|Any CPU
		{B9319303-A371-4437-8B2F-B6CFA29ED177}.Debug|Any CPU.Build.0 = Debug|Any CPU
		{B9319303-A371-4437-8B2F-B6CFA29ED177}.Release|Any CPU.ActiveCfg = Release|Any CPU
		{B9319303-A371-4437-8B2F-B6CFA29ED177}.Release|Any CPU.Build.0 = Release|Any CPU
		{543DA0DD-7598-4DAB-9E9A-DEB0DC37B997}.Debug|Any CPU.ActiveCfg = Debug|Any CPU
		{543DA0DD-7598-4DAB-9E9A-DEB0DC37B997}.Debug|Any CPU.Build.0 = Debug|Any CPU
		{543DA0DD-7598-4DAB-9E9A-DEB0DC37B997}.Release|Any CPU.ActiveCfg = Release|Any CPU
		{543DA0DD-7598-4DAB-9E9A-DEB0DC37B997}.Release|Any CPU.Build.0 = Release|Any CPU
		{0604A06B-F295-42D7-B32C-C74D9DE3F2EB}.Debug|Any CPU.ActiveCfg = Debug|Any CPU
		{0604A06B-F295-42D7-B32C-C74D9DE3F2EB}.Debug|Any CPU.Build.0 = Debug|Any CPU
		{0604A06B-F295-42D7-B32C-C74D9DE3F2EB}.Release|Any CPU.ActiveCfg = Release|Any CPU
		{0604A06B-F295-42D7-B32C-C74D9DE3F2EB}.Release|Any CPU.Build.0 = Release|Any CPU
		{94C30C5F-C6AC-4137-A78C-46E689BC2188}.Debug|Any CPU.ActiveCfg = Debug|Any CPU
		{94C30C5F-C6AC-4137-A78C-46E689BC2188}.Debug|Any CPU.Build.0 = Debug|Any CPU
		{94C30C5F-C6AC-4137-A78C-46E689BC2188}.Release|Any CPU.ActiveCfg = Release|Any CPU
		{94C30C5F-C6AC-4137-A78C-46E689BC2188}.Release|Any CPU.Build.0 = Release|Any CPU
		{A0883A53-02DA-4D78-9B4B-073841A4943E}.Debug|Any CPU.ActiveCfg = Debug|Any CPU
		{A0883A53-02DA-4D78-9B4B-073841A4943E}.Debug|Any CPU.Build.0 = Debug|Any CPU
		{A0883A53-02DA-4D78-9B4B-073841A4943E}.Release|Any CPU.ActiveCfg = Release|Any CPU
		{A0883A53-02DA-4D78-9B4B-073841A4943E}.Release|Any CPU.Build.0 = Release|Any CPU
		{DB10FA1F-C2D2-48F2-8C05-8C3396E8F039}.Debug|Any CPU.ActiveCfg = Debug|Any CPU
		{DB10FA1F-C2D2-48F2-8C05-8C3396E8F039}.Debug|Any CPU.Build.0 = Debug|Any CPU
		{DB10FA1F-C2D2-48F2-8C05-8C3396E8F039}.Release|Any CPU.ActiveCfg = Release|Any CPU
		{DB10FA1F-C2D2-48F2-8C05-8C3396E8F039}.Release|Any CPU.Build.0 = Release|Any CPU
	EndGlobalSection
	GlobalSection(NestedProjects) = preSolution
		{13F9388B-A2EA-4D7E-960F-9F67E12653D5} = {C7A14326-A9B1-4FBC-8259-D25EFB1AF4AA}
		{A39766BE-1A46-4576-9231-AFEAC9DED280} = {41DB119A-AD0A-4E49-B613-12F70EF42029}
		{F6180432-390F-40CB-A41A-9BDADDBB7414} = {A39766BE-1A46-4576-9231-AFEAC9DED280}
		{A2234F03-4939-4401-A4CB-92ECF7EC347E} = {A39766BE-1A46-4576-9231-AFEAC9DED280}
		{97DE0092-6010-4E09-9430-8B966FBBF7B4} = {41DB119A-AD0A-4E49-B613-12F70EF42029}
		{AE9230A6-2F17-46E7-A7DF-0E712DAF8881} = {97DE0092-6010-4E09-9430-8B966FBBF7B4}
		{A5A20B67-29AB-4BC8-9F43-BAF05985AF17} = {C7A14326-A9B1-4FBC-8259-D25EFB1AF4AA}
		{7CFCDDE8-352C-4496-99F5-E06D92C7F514} = {31303AE4-BD39-4D50-A1D3-1B21E6AAC06B}
		{30E597A5-5C59-48BE-AD3F-3BF48D53BA6E} = {97DE0092-6010-4E09-9430-8B966FBBF7B4}
		{15CFFECB-7F78-4A78-B17F-F12B7E7C1D64} = {97DE0092-6010-4E09-9430-8B966FBBF7B4}
		{B9319303-A371-4437-8B2F-B6CFA29ED177} = {97DE0092-6010-4E09-9430-8B966FBBF7B4}
		{543DA0DD-7598-4DAB-9E9A-DEB0DC37B997} = {97DE0092-6010-4E09-9430-8B966FBBF7B4}
		{0604A06B-F295-42D7-B32C-C74D9DE3F2EB} = {C7A14326-A9B1-4FBC-8259-D25EFB1AF4AA}
		{94C30C5F-C6AC-4137-A78C-46E689BC2188} = {C7A14326-A9B1-4FBC-8259-D25EFB1AF4AA}
		{A0883A53-02DA-4D78-9B4B-073841A4943E} = {C7A14326-A9B1-4FBC-8259-D25EFB1AF4AA}
		{DB10FA1F-C2D2-48F2-8C05-8C3396E8F039} = {C7A14326-A9B1-4FBC-8259-D25EFB1AF4AA}
	EndGlobalSection
EndGlobal
